// !$*UTF8*$!
{
	archiveVersion = 1;
	classes = {
	};
	objectVersion = 46;
	objects = {

/* Begin PBXBuildFile section */
		98CDD67F19DAE69F00A83271 /* main.m in Sources */ = {isa = PBXBuildFile; fileRef = 98CDD67E19DAE69F00A83271 /* main.m */; };
		98CDD68219DAE69F00A83271 /* AppDelegate.m in Sources */ = {isa = PBXBuildFile; fileRef = 98CDD68119DAE69F00A83271 /* AppDelegate.m */; };
		98CDD68A19DAE69F00A83271 /* Images.xcassets in Resources */ = {isa = PBXBuildFile; fileRef = 98CDD68919DAE69F00A83271 /* Images.xcassets */; };
		98CDD68D19DAE69F00A83271 /* LaunchScreen.xib in Resources */ = {isa = PBXBuildFile; fileRef = 98CDD68B19DAE69F00A83271 /* LaunchScreen.xib */; };
		98CDD69919DAE69F00A83271 /* Game_005Tests.m in Sources */ = {isa = PBXBuildFile; fileRef = 98CDD69819DAE69F00A83271 /* Game_005Tests.m */; };
		98CDD6B519DAE87200A83271 /* ImageView.m in Sources */ = {isa = PBXBuildFile; fileRef = 98CDD6A619DAE87200A83271 /* ImageView.m */; };
		98CDD6B619DAE87200A83271 /* MainViewController.m in Sources */ = {isa = PBXBuildFile; fileRef = 98CDD6A819DAE87200A83271 /* MainViewController.m */; };
		98CDD6B719DAE87200A83271 /* MessageView.m in Sources */ = {isa = PBXBuildFile; fileRef = 98CDD6AA19DAE87200A83271 /* MessageView.m */; };
		98CDD6B819DAE87200A83271 /* ProgressObserver.m in Sources */ = {isa = PBXBuildFile; fileRef = 98CDD6AC19DAE87200A83271 /* ProgressObserver.m */; };
		98CDD6B919DAE87200A83271 /* ProgressView.m in Sources */ = {isa = PBXBuildFile; fileRef = 98CDD6AE19DAE87200A83271 /* ProgressView.m */; };
		98CDD6BA19DAE87200A83271 /* SessionContainer.m in Sources */ = {isa = PBXBuildFile; fileRef = 98CDD6B019DAE87200A83271 /* SessionContainer.m */; };
		98CDD6BC19DAE87200A83271 /* Transcript.m in Sources */ = {isa = PBXBuildFile; fileRef = 98CDD6B419DAE87200A83271 /* Transcript.m */; };
		98CDD6BF19DAEBB000A83271 /* Main.storyboard in Resources */ = {isa = PBXBuildFile; fileRef = 98CDD6BD19DAEBB000A83271 /* Main.storyboard */; };
		98CDD6C619DB911200A83271 /* GameViewController.m in Sources */ = {isa = PBXBuildFile; fileRef = 98CDD6C519DB911200A83271 /* GameViewController.m */; };
		98CDD6C919DB967E00A83271 /* GameView.m in Sources */ = {isa = PBXBuildFile; fileRef = 98CDD6C819DB967E00A83271 /* GameView.m */; };
		98CDD6CB19DB969800A83271 /* GameView.xib in Resources */ = {isa = PBXBuildFile; fileRef = 98CDD6CA19DB969800A83271 /* GameView.xib */; };
		98CDD6CE19DBC50000A83271 /* MainViewController2.m in Sources */ = {isa = PBXBuildFile; fileRef = 98CDD6CD19DBC50000A83271 /* MainViewController2.m */; };
/* End PBXBuildFile section */

/* Begin PBXContainerItemProxy section */
		98CDD69319DAE69F00A83271 /* PBXContainerItemProxy */ = {
			isa = PBXContainerItemProxy;
			containerPortal = 98CDD67119DAE69F00A83271 /* Project object */;
			proxyType = 1;
			remoteGlobalIDString = 98CDD67819DAE69F00A83271;
			remoteInfo = Game_005;
		};
/* End PBXContainerItemProxy section */

/* Begin PBXFileReference section */
		98CDD67919DAE69F00A83271 /* Game_005.app */ = {isa = PBXFileReference; explicitFileType = wrapper.application; includeInIndex = 0; path = Game_005.app; sourceTree = BUILT_PRODUCTS_DIR; };
		98CDD67D19DAE69F00A83271 /* Info.plist */ = {isa = PBXFileReference; lastKnownFileType = text.plist.xml; path = Info.plist; sourceTree = "<group>"; };
		98CDD67E19DAE69F00A83271 /* main.m */ = {isa = PBXFileReference; lastKnownFileType = sourcecode.c.objc; path = main.m; sourceTree = "<group>"; };
		98CDD68019DAE69F00A83271 /* AppDelegate.h */ = {isa = PBXFileReference; lastKnownFileType = sourcecode.c.h; path = AppDelegate.h; sourceTree = "<group>"; };
		98CDD68119DAE69F00A83271 /* AppDelegate.m */ = {isa = PBXFileReference; lastKnownFileType = sourcecode.c.objc; path = AppDelegate.m; sourceTree = "<group>"; };
		98CDD68919DAE69F00A83271 /* Images.xcassets */ = {isa = PBXFileReference; lastKnownFileType = folder.assetcatalog; path = Images.xcassets; sourceTree = "<group>"; };
		98CDD68C19DAE69F00A83271 /* Base */ = {isa = PBXFileReference; lastKnownFileType = file.xib; name = Base; path = Base.lproj/LaunchScreen.xib; sourceTree = "<group>"; };
		98CDD69219DAE69F00A83271 /* Game_005Tests.xctest */ = {isa = PBXFileReference; explicitFileType = wrapper.cfbundle; includeInIndex = 0; path = Game_005Tests.xctest; sourceTree = BUILT_PRODUCTS_DIR; };
		98CDD69719DAE69F00A83271 /* Info.plist */ = {isa = PBXFileReference; lastKnownFileType = text.plist.xml; path = Info.plist; sourceTree = "<group>"; };
		98CDD69819DAE69F00A83271 /* Game_005Tests.m */ = {isa = PBXFileReference; lastKnownFileType = sourcecode.c.objc; path = Game_005Tests.m; sourceTree = "<group>"; };
		98CDD6A519DAE87200A83271 /* ImageView.h */ = {isa = PBXFileReference; fileEncoding = 4; lastKnownFileType = sourcecode.c.h; path = ImageView.h; sourceTree = "<group>"; };
		98CDD6A619DAE87200A83271 /* ImageView.m */ = {isa = PBXFileReference; fileEncoding = 4; lastKnownFileType = sourcecode.c.objc; path = ImageView.m; sourceTree = "<group>"; };
		98CDD6A719DAE87200A83271 /* MainViewController.h */ = {isa = PBXFileReference; fileEncoding = 4; lastKnownFileType = sourcecode.c.h; path = MainViewController.h; sourceTree = "<group>"; };
		98CDD6A819DAE87200A83271 /* MainViewController.m */ = {isa = PBXFileReference; fileEncoding = 4; lastKnownFileType = sourcecode.c.objc; path = MainViewController.m; sourceTree = "<group>"; };
		98CDD6A919DAE87200A83271 /* MessageView.h */ = {isa = PBXFileReference; fileEncoding = 4; lastKnownFileType = sourcecode.c.h; path = MessageView.h; sourceTree = "<group>"; };
		98CDD6AA19DAE87200A83271 /* MessageView.m */ = {isa = PBXFileReference; fileEncoding = 4; lastKnownFileType = sourcecode.c.objc; path = MessageView.m; sourceTree = "<group>"; };
		98CDD6AB19DAE87200A83271 /* ProgressObserver.h */ = {isa = PBXFileReference; fileEncoding = 4; lastKnownFileType = sourcecode.c.h; path = ProgressObserver.h; sourceTree = "<group>"; };
		98CDD6AC19DAE87200A83271 /* ProgressObserver.m */ = {isa = PBXFileReference; fileEncoding = 4; lastKnownFileType = sourcecode.c.objc; path = ProgressObserver.m; sourceTree = "<group>"; };
		98CDD6AD19DAE87200A83271 /* ProgressView.h */ = {isa = PBXFileReference; fileEncoding = 4; lastKnownFileType = sourcecode.c.h; path = ProgressView.h; sourceTree = "<group>"; };
		98CDD6AE19DAE87200A83271 /* ProgressView.m */ = {isa = PBXFileReference; fileEncoding = 4; lastKnownFileType = sourcecode.c.objc; path = ProgressView.m; sourceTree = "<group>"; };
		98CDD6AF19DAE87200A83271 /* SessionContainer.h */ = {isa = PBXFileReference; fileEncoding = 4; lastKnownFileType = sourcecode.c.h; path = SessionContainer.h; sourceTree = "<group>"; };
		98CDD6B019DAE87200A83271 /* SessionContainer.m */ = {isa = PBXFileReference; fileEncoding = 4; lastKnownFileType = sourcecode.c.objc; path = SessionContainer.m; sourceTree = "<group>"; };
		98CDD6B319DAE87200A83271 /* Transcript.h */ = {isa = PBXFileReference; fileEncoding = 4; lastKnownFileType = sourcecode.c.h; path = Transcript.h; sourceTree = "<group>"; };
		98CDD6B419DAE87200A83271 /* Transcript.m */ = {isa = PBXFileReference; fileEncoding = 4; lastKnownFileType = sourcecode.c.objc; path = Transcript.m; sourceTree = "<group>"; };
		98CDD6BE19DAEBB000A83271 /* Base */ = {isa = PBXFileReference; lastKnownFileType = file.storyboard; name = Base; path = Base.lproj/Main.storyboard; sourceTree = "<group>"; };
		98CDD6C019DAF14800A83271 /* Prefix.pch */ = {isa = PBXFileReference; lastKnownFileType = sourcecode.c.h; path = Prefix.pch; sourceTree = "<group>"; };
		98CDD6C419DB911200A83271 /* GameViewController.h */ = {isa = PBXFileReference; fileEncoding = 4; lastKnownFileType = sourcecode.c.h; path = GameViewController.h; sourceTree = "<group>"; };
		98CDD6C519DB911200A83271 /* GameViewController.m */ = {isa = PBXFileReference; fileEncoding = 4; lastKnownFileType = sourcecode.c.objc; path = GameViewController.m; sourceTree = "<group>"; };
		98CDD6C719DB967E00A83271 /* GameView.h */ = {isa = PBXFileReference; fileEncoding = 4; lastKnownFileType = sourcecode.c.h; path = GameView.h; sourceTree = "<group>"; };
		98CDD6C819DB967E00A83271 /* GameView.m */ = {isa = PBXFileReference; fileEncoding = 4; lastKnownFileType = sourcecode.c.objc; path = GameView.m; sourceTree = "<group>"; };
		98CDD6CA19DB969800A83271 /* GameView.xib */ = {isa = PBXFileReference; fileEncoding = 4; lastKnownFileType = file.xib; path = GameView.xib; sourceTree = "<group>"; };
		98CDD6CC19DBC50000A83271 /* MainViewController2.h */ = {isa = PBXFileReference; fileEncoding = 4; lastKnownFileType = sourcecode.c.h; path = MainViewController2.h; sourceTree = "<group>"; };
		98CDD6CD19DBC50000A83271 /* MainViewController2.m */ = {isa = PBXFileReference; fileEncoding = 4; lastKnownFileType = sourcecode.c.objc; path = MainViewController2.m; sourceTree = "<group>"; };
/* End PBXFileReference section */

/* Begin PBXFrameworksBuildPhase section */
		98CDD67619DAE69F00A83271 /* Frameworks */ = {
			isa = PBXFrameworksBuildPhase;
			buildActionMask = 2147483647;
			files = (
			);
			runOnlyForDeploymentPostprocessing = 0;
		};
		98CDD68F19DAE69F00A83271 /* Frameworks */ = {
			isa = PBXFrameworksBuildPhase;
			buildActionMask = 2147483647;
			files = (
			);
			runOnlyForDeploymentPostprocessing = 0;
		};
/* End PBXFrameworksBuildPhase section */

/* Begin PBXGroup section */
		98CDD67019DAE69F00A83271 = {
			isa = PBXGroup;
			children = (
				98CDD67B19DAE69F00A83271 /* Game_005 */,
				98CDD69519DAE69F00A83271 /* Game_005Tests */,
				98CDD67A19DAE69F00A83271 /* Products */,
			);
			sourceTree = "<group>";
		};
		98CDD67A19DAE69F00A83271 /* Products */ = {
			isa = PBXGroup;
			children = (
				98CDD67919DAE69F00A83271 /* Game_005.app */,
				98CDD69219DAE69F00A83271 /* Game_005Tests.xctest */,
			);
			name = Products;
			sourceTree = "<group>";
		};
		98CDD67B19DAE69F00A83271 /* Game_005 */ = {
			isa = PBXGroup;
			children = (
				98CDD68019DAE69F00A83271 /* AppDelegate.h */,
				98CDD68119DAE69F00A83271 /* AppDelegate.m */,
				98CDD6BD19DAEBB000A83271 /* Main.storyboard */,
				98CDD68B19DAE69F00A83271 /* LaunchScreen.xib */,
				98CDD6CA19DB969800A83271 /* GameView.xib */,
				98CDD6A219DAE6EA00A83271 /* Model */,
				98CDD6A319DAE6F700A83271 /* View */,
				98CDD6A419DAE70500A83271 /* Controller */,
				98CDD68919DAE69F00A83271 /* Images.xcassets */,
				98CDD67C19DAE69F00A83271 /* Supporting Files */,
			);
			path = Game_005;
			sourceTree = "<group>";
		};
		98CDD67C19DAE69F00A83271 /* Supporting Files */ = {
			isa = PBXGroup;
			children = (
				98CDD6C019DAF14800A83271 /* Prefix.pch */,
				98CDD67D19DAE69F00A83271 /* Info.plist */,
				98CDD67E19DAE69F00A83271 /* main.m */,
			);
			name = "Supporting Files";
			sourceTree = "<group>";
		};
		98CDD69519DAE69F00A83271 /* Game_005Tests */ = {
			isa = PBXGroup;
			children = (
				98CDD69819DAE69F00A83271 /* Game_005Tests.m */,
				98CDD69619DAE69F00A83271 /* Supporting Files */,
			);
			path = Game_005Tests;
			sourceTree = "<group>";
		};
		98CDD69619DAE69F00A83271 /* Supporting Files */ = {
			isa = PBXGroup;
			children = (
				98CDD69719DAE69F00A83271 /* Info.plist */,
			);
			name = "Supporting Files";
			sourceTree = "<group>";
		};
		98CDD6A219DAE6EA00A83271 /* Model */ = {
			isa = PBXGroup;
			children = (
				98CDD6AF19DAE87200A83271 /* SessionContainer.h */,
				98CDD6B019DAE87200A83271 /* SessionContainer.m */,
				98CDD6B319DAE87200A83271 /* Transcript.h */,
				98CDD6B419DAE87200A83271 /* Transcript.m */,
				98CDD6AB19DAE87200A83271 /* ProgressObserver.h */,
				98CDD6AC19DAE87200A83271 /* ProgressObserver.m */,
			);
			name = Model;
			sourceTree = "<group>";
		};
		98CDD6A319DAE6F700A83271 /* View */ = {
			isa = PBXGroup;
			children = (
				98CDD6C719DB967E00A83271 /* GameView.h */,
				98CDD6C819DB967E00A83271 /* GameView.m */,
				98CDD6A919DAE87200A83271 /* MessageView.h */,
				98CDD6AA19DAE87200A83271 /* MessageView.m */,
				98CDD6A519DAE87200A83271 /* ImageView.h */,
				98CDD6A619DAE87200A83271 /* ImageView.m */,
				98CDD6AD19DAE87200A83271 /* ProgressView.h */,
				98CDD6AE19DAE87200A83271 /* ProgressView.m */,
			);
			name = View;
			sourceTree = "<group>";
		};
		98CDD6A419DAE70500A83271 /* Controller */ = {
			isa = PBXGroup;
			children = (
				98CDD6A719DAE87200A83271 /* MainViewController.h */,
				98CDD6A819DAE87200A83271 /* MainViewController.m */,
				98CDD6CC19DBC50000A83271 /* MainViewController2.h */,
				98CDD6CD19DBC50000A83271 /* MainViewController2.m */,
				98CDD6C419DB911200A83271 /* GameViewController.h */,
				98CDD6C519DB911200A83271 /* GameViewController.m */,
			);
			name = Controller;
			sourceTree = "<group>";
		};
/* End PBXGroup section */

/* Begin PBXNativeTarget section */
		98CDD67819DAE69F00A83271 /* Game_005 */ = {
			isa = PBXNativeTarget;
			buildConfigurationList = 98CDD69C19DAE69F00A83271 /* Build configuration list for PBXNativeTarget "Game_005" */;
			buildPhases = (
				98CDD67519DAE69F00A83271 /* Sources */,
				98CDD67619DAE69F00A83271 /* Frameworks */,
				98CDD67719DAE69F00A83271 /* Resources */,
			);
			buildRules = (
			);
			dependencies = (
			);
			name = Game_005;
			productName = Game_005;
			productReference = 98CDD67919DAE69F00A83271 /* Game_005.app */;
			productType = "com.apple.product-type.application";
		};
		98CDD69119DAE69F00A83271 /* Game_005Tests */ = {
			isa = PBXNativeTarget;
			buildConfigurationList = 98CDD69F19DAE69F00A83271 /* Build configuration list for PBXNativeTarget "Game_005Tests" */;
			buildPhases = (
				98CDD68E19DAE69F00A83271 /* Sources */,
				98CDD68F19DAE69F00A83271 /* Frameworks */,
				98CDD69019DAE69F00A83271 /* Resources */,
			);
			buildRules = (
			);
			dependencies = (
				98CDD69419DAE69F00A83271 /* PBXTargetDependency */,
			);
			name = Game_005Tests;
			productName = Game_005Tests;
			productReference = 98CDD69219DAE69F00A83271 /* Game_005Tests.xctest */;
			productType = "com.apple.product-type.bundle.unit-test";
		};
/* End PBXNativeTarget section */

/* Begin PBXProject section */
		98CDD67119DAE69F00A83271 /* Project object */ = {
			isa = PBXProject;
			attributes = {
				LastUpgradeCheck = 0600;
				ORGANIZATIONNAME = "寺内 信夫";
				TargetAttributes = {
					98CDD67819DAE69F00A83271 = {
						CreatedOnToolsVersion = 6.0.1;
					};
					98CDD69119DAE69F00A83271 = {
						CreatedOnToolsVersion = 6.0.1;
						TestTargetID = 98CDD67819DAE69F00A83271;
					};
				};
			};
			buildConfigurationList = 98CDD67419DAE69F00A83271 /* Build configuration list for PBXProject "Game_005" */;
			compatibilityVersion = "Xcode 3.2";
			developmentRegion = English;
			hasScannedForEncodings = 0;
			knownRegions = (
				en,
				Base,
			);
			mainGroup = 98CDD67019DAE69F00A83271;
			productRefGroup = 98CDD67A19DAE69F00A83271 /* Products */;
			projectDirPath = "";
			projectRoot = "";
			targets = (
				98CDD67819DAE69F00A83271 /* Game_005 */,
				98CDD69119DAE69F00A83271 /* Game_005Tests */,
			);
		};
/* End PBXProject section */

/* Begin PBXResourcesBuildPhase section */
		98CDD67719DAE69F00A83271 /* Resources */ = {
			isa = PBXResourcesBuildPhase;
			buildActionMask = 2147483647;
			files = (
				98CDD6CB19DB969800A83271 /* GameView.xib in Resources */,
				98CDD68D19DAE69F00A83271 /* LaunchScreen.xib in Resources */,
				98CDD6BF19DAEBB000A83271 /* Main.storyboard in Resources */,
				98CDD68A19DAE69F00A83271 /* Images.xcassets in Resources */,
			);
			runOnlyForDeploymentPostprocessing = 0;
		};
		98CDD69019DAE69F00A83271 /* Resources */ = {
			isa = PBXResourcesBuildPhase;
			buildActionMask = 2147483647;
			files = (
			);
			runOnlyForDeploymentPostprocessing = 0;
		};
/* End PBXResourcesBuildPhase section */

/* Begin PBXSourcesBuildPhase section */
		98CDD67519DAE69F00A83271 /* Sources */ = {
			isa = PBXSourcesBuildPhase;
			buildActionMask = 2147483647;
			files = (
				98CDD6C619DB911200A83271 /* GameViewController.m in Sources */,
				98CDD6B719DAE87200A83271 /* MessageView.m in Sources */,
				98CDD6BC19DAE87200A83271 /* Transcript.m in Sources */,
				98CDD6B919DAE87200A83271 /* ProgressView.m in Sources */,
				98CDD6B519DAE87200A83271 /* ImageView.m in Sources */,
				98CDD68219DAE69F00A83271 /* AppDelegate.m in Sources */,
				98CDD6BA19DAE87200A83271 /* SessionContainer.m in Sources */,
				98CDD6C919DB967E00A83271 /* GameView.m in Sources */,
				98CDD6B619DAE87200A83271 /* MainViewController.m in Sources */,
				98CDD6B819DAE87200A83271 /* ProgressObserver.m in Sources */,
				98CDD6CE19DBC50000A83271 /* MainViewController2.m in Sources */,
				98CDD67F19DAE69F00A83271 /* main.m in Sources */,
			);
			runOnlyForDeploymentPostprocessing = 0;
		};
		98CDD68E19DAE69F00A83271 /* Sources */ = {
			isa = PBXSourcesBuildPhase;
			buildActionMask = 2147483647;
			files = (
				98CDD69919DAE69F00A83271 /* Game_005Tests.m in Sources */,
			);
			runOnlyForDeploymentPostprocessing = 0;
		};
/* End PBXSourcesBuildPhase section */

/* Begin PBXTargetDependency section */
		98CDD69419DAE69F00A83271 /* PBXTargetDependency */ = {
			isa = PBXTargetDependency;
			target = 98CDD67819DAE69F00A83271 /* Game_005 */;
			targetProxy = 98CDD69319DAE69F00A83271 /* PBXContainerItemProxy */;
		};
/* End PBXTargetDependency section */

/* Begin PBXVariantGroup section */
		98CDD68B19DAE69F00A83271 /* LaunchScreen.xib */ = {
			isa = PBXVariantGroup;
			children = (
				98CDD68C19DAE69F00A83271 /* Base */,
			);
			name = LaunchScreen.xib;
			sourceTree = "<group>";
		};
		98CDD6BD19DAEBB000A83271 /* Main.storyboard */ = {
			isa = PBXVariantGroup;
			children = (
				98CDD6BE19DAEBB000A83271 /* Base */,
			);
			name = Main.storyboard;
			sourceTree = "<group>";
		};
/* End PBXVariantGroup section */

/* Begin XCBuildConfiguration section */
		98CDD69A19DAE69F00A83271 /* Debug */ = {
			isa = XCBuildConfiguration;
			buildSettings = {
				ALWAYS_SEARCH_USER_PATHS = NO;
				CLANG_CXX_LANGUAGE_STANDARD = "gnu++0x";
				CLANG_CXX_LIBRARY = "libc++";
				CLANG_ENABLE_MODULES = YES;
				CLANG_ENABLE_OBJC_ARC = YES;
				CLANG_WARN_BOOL_CONVERSION = YES;
				CLANG_WARN_CONSTANT_CONVERSION = YES;
				CLANG_WARN_DIRECT_OBJC_ISA_USAGE = YES_ERROR;
				CLANG_WARN_EMPTY_BODY = YES;
				CLANG_WARN_ENUM_CONVERSION = YES;
				CLANG_WARN_INT_CONVERSION = YES;
				CLANG_WARN_OBJC_ROOT_CLASS = YES_ERROR;
				CLANG_WARN_UNREACHABLE_CODE = YES;
				CLANG_WARN__DUPLICATE_METHOD_MATCH = YES;
				"CODE_SIGN_IDENTITY[sdk=iphoneos*]" = "iPhone Developer";
				COPY_PHASE_STRIP = NO;
				ENABLE_STRICT_OBJC_MSGSEND = YES;
				GCC_C_LANGUAGE_STANDARD = gnu99;
				GCC_DYNAMIC_NO_PIC = NO;
				GCC_OPTIMIZATION_LEVEL = 0;
				GCC_PREPROCESSOR_DEFINITIONS = (
					"DEBUG=1",
					"$(inherited)",
				);
				GCC_SYMBOLS_PRIVATE_EXTERN = NO;
				GCC_WARN_64_TO_32_BIT_CONVERSION = YES;
				GCC_WARN_ABOUT_RETURN_TYPE = YES_ERROR;
				GCC_WARN_UNDECLARED_SELECTOR = YES;
				GCC_WARN_UNINITIALIZED_AUTOS = YES_AGGRESSIVE;
				GCC_WARN_UNUSED_FUNCTION = YES;
				GCC_WARN_UNUSED_VARIABLE = YES;
				IPHONEOS_DEPLOYMENT_TARGET = 8.0;
				MTL_ENABLE_DEBUG_INFO = YES;
				ONLY_ACTIVE_ARCH = YES;
				SDKROOT = iphoneos;
				TARGETED_DEVICE_FAMILY = "1,2";
			};
			name = Debug;
		};
		98CDD69B19DAE69F00A83271 /* Release */ = {
			isa = XCBuildConfiguration;
			buildSettings = {
				ALWAYS_SEARCH_USER_PATHS = NO;
				CLANG_CXX_LANGUAGE_STANDARD = "gnu++0x";
				CLANG_CXX_LIBRARY = "libc++";
				CLANG_ENABLE_MODULES = YES;
				CLANG_ENABLE_OBJC_ARC = YES;
				CLANG_WARN_BOOL_CONVERSION = YES;
				CLANG_WARN_CONSTANT_CONVERSION = YES;
				CLANG_WARN_DIRECT_OBJC_ISA_USAGE = YES_ERROR;
				CLANG_WARN_EMPTY_BODY = YES;
				CLANG_WARN_ENUM_CONVERSION = YES;
				CLANG_WARN_INT_CONVERSION = YES;
				CLANG_WARN_OBJC_ROOT_CLASS = YES_ERROR;
				CLANG_WARN_UNREACHABLE_CODE = YES;
				CLANG_WARN__DUPLICATE_METHOD_MATCH = YES;
				"CODE_SIGN_IDENTITY[sdk=iphoneos*]" = "iPhone Developer";
				COPY_PHASE_STRIP = YES;
				ENABLE_NS_ASSERTIONS = NO;
				ENABLE_STRICT_OBJC_MSGSEND = YES;
				GCC_C_LANGUAGE_STANDARD = gnu99;
				GCC_WARN_64_TO_32_BIT_CONVERSION = YES;
				GCC_WARN_ABOUT_RETURN_TYPE = YES_ERROR;
				GCC_WARN_UNDECLARED_SELECTOR = YES;
				GCC_WARN_UNINITIALIZED_AUTOS = YES_AGGRESSIVE;
				GCC_WARN_UNUSED_FUNCTION = YES;
				GCC_WARN_UNUSED_VARIABLE = YES;
				IPHONEOS_DEPLOYMENT_TARGET = 8.0;
				MTL_ENABLE_DEBUG_INFO = NO;
				SDKROOT = iphoneos;
				TARGETED_DEVICE_FAMILY = "1,2";
				VALIDATE_PRODUCT = YES;
			};
			name = Release;
		};
		98CDD69D19DAE69F00A83271 /* Debug */ = {
			isa = XCBuildConfiguration;
			buildSettings = {
				ASSETCATALOG_COMPILER_APPICON_NAME = AppIcon;
				INFOPLIST_FILE = Game_005/Info.plist;
				LD_RUNPATH_SEARCH_PATHS = "$(inherited) @executable_path/Frameworks";
				PRODUCT_NAME = "$(TARGET_NAME)";
			};
			name = Debug;
		};
		98CDD69E19DAE69F00A83271 /* Release */ = {
			isa = XCBuildConfiguration;
			buildSettings = {
				ASSETCATALOG_COMPILER_APPICON_NAME = AppIcon;
				INFOPLIST_FILE = Game_005/Info.plist;
				LD_RUNPATH_SEARCH_PATHS = "$(inherited) @executable_path/Frameworks";
				PRODUCT_NAME = "$(TARGET_NAME)";
			};
			name = Release;
		};
		98CDD6A019DAE69F00A83271 /* Debug */ = {
			isa = XCBuildConfiguration;
			buildSettings = {
				BUNDLE_LOADER = "$(TEST_HOST)";
				FRAMEWORK_SEARCH_PATHS = (
					"$(SDKROOT)/Developer/Library/Frameworks",
					"$(inherited)",
				);
				GCC_PREPROCESSOR_DEFINITIONS = (
					"DEBUG=1",
					"$(inherited)",
				);
				INFOPLIST_FILE = Game_005Tests/Info.plist;
				LD_RUNPATH_SEARCH_PATHS = "$(inherited) @executable_path/Frameworks @loader_path/Frameworks";
				PRODUCT_NAME = "$(TARGET_NAME)";
				TEST_HOST = "$(BUILT_PRODUCTS_DIR)/Game_005.app/Game_005";
			};
			name = Debug;
		};
		98CDD6A119DAE69F00A83271 /* Release */ = {
			isa = XCBuildConfiguration;
			buildSettings = {
				BUNDLE_LOADER = "$(TEST_HOST)";
				FRAMEWORK_SEARCH_PATHS = (
					"$(SDKROOT)/Developer/Library/Frameworks",
					"$(inherited)",
				);
				INFOPLIST_FILE = Game_005Tests/Info.plist;
				LD_RUNPATH_SEARCH_PATHS = "$(inherited) @executable_path/Frameworks @loader_path/Frameworks";
				PRODUCT_NAME = "$(TARGET_NAME)";
				TEST_HOST = "$(BUILT_PRODUCTS_DIR)/Game_005.app/Game_005";
			};
			name = Release;
		};
/* End XCBuildConfiguration section */

/* Begin XCConfigurationList section */
		98CDD67419DAE69F00A83271 /* Build configuration list for PBXProject "Game_005" */ = {
			isa = XCConfigurationList;
			buildConfigurations = (
				98CDD69A19DAE69F00A83271 /* Debug */,
				98CDD69B19DAE69F00A83271 /* Release */,
			);
			defaultConfigurationIsVisible = 0;
			defaultConfigurationName = Release;
		};
		98CDD69C19DAE69F00A83271 /* Build configuration list for PBXNativeTarget "Game_005" */ = {
			isa = XCConfigurationList;
			buildConfigurations = (
				98CDD69D19DAE69F00A83271 /* Debug */,
				98CDD69E19DAE69F00A83271 /* Release */,
			);
			defaultConfigurationIsVisible = 0;
		};
		98CDD69F19DAE69F00A83271 /* Build configuration list for PBXNativeTarget "Game_005Tests" */ = {
			isa = XCConfigurationList;
			buildConfigurations = (
				98CDD6A019DAE69F00A83271 /* Debug */,
				98CDD6A119DAE69F00A83271 /* Release */,
			);
			defaultConfigurationIsVisible = 0;
		};
/* End XCConfigurationList section */
	};
	rootObject = 98CDD67119DAE69F00A83271 /* Project object */;
}
